
Microsoft Visual Studio Solution File, Format Version 12.00
# Visual Studio Version 16
VisualStudioVersion = 16.0.29519.87
MinimumVisualStudioVersion = 10.0.40219.1
Project("{FAE04EC0-301F-11D3-BF4B-00C04F79EFBC}") = "gasApp", "gasApp\gasApp.csproj", "{DD806DDD-403B-4629-A49E-117D1A516150}"
EndProject
Global
	GlobalSection(SolutionConfigurationPlatforms) = preSolution
		Debug|Any CPU = Debug|Any CPU
		Debug|x64 = Debug|x64
		Release|Any CPU = Release|Any CPU
		Release|x64 = Release|x64
	EndGlobalSection
	GlobalSection(ProjectConfigurationPlatforms) = postSolution
		{DD806DDD-403B-4629-A49E-117D1A516150}.Debug|Any CPU.ActiveCfg = Debug|Any CPU
		{DD806DDD-403B-4629-A49E-117D1A516150}.Debug|Any CPU.Build.0 = Debug|Any CPU
		{DD806DDD-403B-4629-A49E-117D1A516150}.Debug|x64.ActiveCfg = Debug|Any CPU
		{DD806DDD-403B-4629-A49E-117D1A516150}.Debug|x64.Build.0 = Debug|Any CPU
		{DD806DDD-403B-4629-A49E-117D1A516150}.Release|Any CPU.ActiveCfg = Release|Any CPU
		{DD806DDD-403B-4629-A49E-117D1A516150}.Release|Any CPU.Build.0 = Release|Any CPU
		{DD806DDD-403B-4629-A49E-117D1A516150}.Release|x64.ActiveCfg = Release|Any CPU
		{DD806DDD-403B-4629-A49E-117D1A516150}.Release|x64.Build.0 = Release|Any CPU
	EndGlobalSection
	GlobalSection(SolutionProperties) = preSolution
		HideSolutionNode = FALSE
	EndGlobalSection
	GlobalSection(ExtensibilityGlobals) = postSolution
		SolutionGuid = {D2495C17-9344-441E-9882-A3299E6B0E5D}
	EndGlobalSection
EndGlobal
